// !$*UTF8*$!
{
	archiveVersion = 1;
	classes = {
	};
	objectVersion = 50;
	objects = {

/* Begin PBXBuildFile section */
		41F1C0059845F57CA2C49B8C /* Pods_SimpleNote_VIPERTests.framework in Frameworks */ = {isa = PBXBuildFile; fileRef = 0745DEDCCA87BC2DF2A62B7F /* Pods_SimpleNote_VIPERTests.framework */; };
		689F27B01EE6A6C1E172B6D3 /* Pods_SimpleNote_VIPERUITests.framework in Frameworks */ = {isa = PBXBuildFile; fileRef = 080C87998A6C80E8261FAB46 /* Pods_SimpleNote_VIPERUITests.framework */; };
		6C43A94A2086DFA70000183F /* AppDelegate.swift in Sources */ = {isa = PBXBuildFile; fileRef = 6C43A9492086DFA70000183F /* AppDelegate.swift */; };
		6C43A94F2086DFA70000183F /* Main.storyboard in Resources */ = {isa = PBXBuildFile; fileRef = 6C43A94D2086DFA70000183F /* Main.storyboard */; };
		6C43A9512086DFA80000183F /* Assets.xcassets in Resources */ = {isa = PBXBuildFile; fileRef = 6C43A9502086DFA80000183F /* Assets.xcassets */; };
		6C43A9542086DFA80000183F /* LaunchScreen.storyboard in Resources */ = {isa = PBXBuildFile; fileRef = 6C43A9522086DFA80000183F /* LaunchScreen.storyboard */; };
		6C43A95F2086DFA80000183F /* SimpleNote_VIPERTests.swift in Sources */ = {isa = PBXBuildFile; fileRef = 6C43A95E2086DFA80000183F /* SimpleNote_VIPERTests.swift */; };
		6C43A96A2086DFA80000183F /* SimpleNote_VIPERUITests.swift in Sources */ = {isa = PBXBuildFile; fileRef = 6C43A9692086DFA80000183F /* SimpleNote_VIPERUITests.swift */; };
		6C43A97E2086E0EF0000183F /* NotesProtocol.swift in Sources */ = {isa = PBXBuildFile; fileRef = 6C43A97D2086E0EF0000183F /* NotesProtocol.swift */; };
		6C43A9802086E2010000183F /* NoteModel.swift in Sources */ = {isa = PBXBuildFile; fileRef = 6C43A97F2086E2010000183F /* NoteModel.swift */; };
		6C43A9822086E62E0000183F /* NotesView.swift in Sources */ = {isa = PBXBuildFile; fileRef = 6C43A9812086E62E0000183F /* NotesView.swift */; };
		6C43A9842086E8880000183F /* NotesPresenter.swift in Sources */ = {isa = PBXBuildFile; fileRef = 6C43A9832086E8880000183F /* NotesPresenter.swift */; };
		6C43A9862086E9810000183F /* NotesInteractor.swift in Sources */ = {isa = PBXBuildFile; fileRef = 6C43A9852086E9810000183F /* NotesInteractor.swift */; };
		6C43A9882086EA150000183F /* NotesRouter.swift in Sources */ = {isa = PBXBuildFile; fileRef = 6C43A9872086EA150000183F /* NotesRouter.swift */; };
		6C844F9020898606007E5BD3 /* NoteDetailProtocol.swift in Sources */ = {isa = PBXBuildFile; fileRef = 6C844F8F20898606007E5BD3 /* NoteDetailProtocol.swift */; };
		6C844F9220898654007E5BD3 /* NoteDetailView.swift in Sources */ = {isa = PBXBuildFile; fileRef = 6C844F9120898654007E5BD3 /* NoteDetailView.swift */; };
		6C844F94208989AE007E5BD3 /* NoteDetailPresenter.swift in Sources */ = {isa = PBXBuildFile; fileRef = 6C844F93208989AE007E5BD3 /* NoteDetailPresenter.swift */; };
		6C844F9620898C7E007E5BD3 /* NoteDetailRouter.swift in Sources */ = {isa = PBXBuildFile; fileRef = 6C844F9520898C7E007E5BD3 /* NoteDetailRouter.swift */; };
		BD10766FFB955BEB5FA65C7E /* Pods_SimpleNote_VIPER.framework in Frameworks */ = {isa = PBXBuildFile; fileRef = 6BEF9806A060FE7C9E57EA09 /* Pods_SimpleNote_VIPER.framework */; };
/* End PBXBuildFile section */

/* Begin PBXContainerItemProxy section */
		6C43A95B2086DFA80000183F /* PBXContainerItemProxy */ = {
			isa = PBXContainerItemProxy;
			containerPortal = 6C43A93E2086DFA70000183F /* Project object */;
			proxyType = 1;
			remoteGlobalIDString = 6C43A9452086DFA70000183F;
			remoteInfo = "SimpleNote-VIPER";
		};
		6C43A9662086DFA80000183F /* PBXContainerItemProxy */ = {
			isa = PBXContainerItemProxy;
			containerPortal = 6C43A93E2086DFA70000183F /* Project object */;
			proxyType = 1;
			remoteGlobalIDString = 6C43A9452086DFA70000183F;
			remoteInfo = "SimpleNote-VIPER";
		};
/* End PBXContainerItemProxy section */

/* Begin PBXFileReference section */
		0745DEDCCA87BC2DF2A62B7F /* Pods_SimpleNote_VIPERTests.framework */ = {isa = PBXFileReference; explicitFileType = wrapper.framework; includeInIndex = 0; path = Pods_SimpleNote_VIPERTests.framework; sourceTree = BUILT_PRODUCTS_DIR; };
		080C87998A6C80E8261FAB46 /* Pods_SimpleNote_VIPERUITests.framework */ = {isa = PBXFileReference; explicitFileType = wrapper.framework; includeInIndex = 0; path = Pods_SimpleNote_VIPERUITests.framework; sourceTree = BUILT_PRODUCTS_DIR; };
		66C6E26F3DF3C2AD879F2A6C /* Pods-SimpleNote-VIPERUITests.release.xcconfig */ = {isa = PBXFileReference; includeInIndex = 1; lastKnownFileType = text.xcconfig; name = "Pods-SimpleNote-VIPERUITests.release.xcconfig"; path = "Pods/Target Support Files/Pods-SimpleNote-VIPERUITests/Pods-SimpleNote-VIPERUITests.release.xcconfig"; sourceTree = "<group>"; };
		6BEF9806A060FE7C9E57EA09 /* Pods_SimpleNote_VIPER.framework */ = {isa = PBXFileReference; explicitFileType = wrapper.framework; includeInIndex = 0; path = Pods_SimpleNote_VIPER.framework; sourceTree = BUILT_PRODUCTS_DIR; };
		6C43A9462086DFA70000183F /* SimpleNote-VIPER.app */ = {isa = PBXFileReference; explicitFileType = wrapper.application; includeInIndex = 0; path = "SimpleNote-VIPER.app"; sourceTree = BUILT_PRODUCTS_DIR; };
		6C43A9492086DFA70000183F /* AppDelegate.swift */ = {isa = PBXFileReference; lastKnownFileType = sourcecode.swift; path = AppDelegate.swift; sourceTree = "<group>"; };
		6C43A94E2086DFA70000183F /* Base */ = {isa = PBXFileReference; lastKnownFileType = file.storyboard; name = Base; path = Base.lproj/Main.storyboard; sourceTree = "<group>"; };
		6C43A9502086DFA80000183F /* Assets.xcassets */ = {isa = PBXFileReference; lastKnownFileType = folder.assetcatalog; path = Assets.xcassets; sourceTree = "<group>"; };
		6C43A9532086DFA80000183F /* Base */ = {isa = PBXFileReference; lastKnownFileType = file.storyboard; name = Base; path = Base.lproj/LaunchScreen.storyboard; sourceTree = "<group>"; };
		6C43A9552086DFA80000183F /* Info.plist */ = {isa = PBXFileReference; lastKnownFileType = text.plist.xml; path = Info.plist; sourceTree = "<group>"; };
		6C43A95A2086DFA80000183F /* SimpleNote-VIPERTests.xctest */ = {isa = PBXFileReference; explicitFileType = wrapper.cfbundle; includeInIndex = 0; path = "SimpleNote-VIPERTests.xctest"; sourceTree = BUILT_PRODUCTS_DIR; };
		6C43A95E2086DFA80000183F /* SimpleNote_VIPERTests.swift */ = {isa = PBXFileReference; lastKnownFileType = sourcecode.swift; path = SimpleNote_VIPERTests.swift; sourceTree = "<group>"; };
		6C43A9602086DFA80000183F /* Info.plist */ = {isa = PBXFileReference; lastKnownFileType = text.plist.xml; path = Info.plist; sourceTree = "<group>"; };
		6C43A9652086DFA80000183F /* SimpleNote-VIPERUITests.xctest */ = {isa = PBXFileReference; explicitFileType = wrapper.cfbundle; includeInIndex = 0; path = "SimpleNote-VIPERUITests.xctest"; sourceTree = BUILT_PRODUCTS_DIR; };
		6C43A9692086DFA80000183F /* SimpleNote_VIPERUITests.swift */ = {isa = PBXFileReference; lastKnownFileType = sourcecode.swift; path = SimpleNote_VIPERUITests.swift; sourceTree = "<group>"; };
		6C43A96B2086DFA80000183F /* Info.plist */ = {isa = PBXFileReference; lastKnownFileType = text.plist.xml; path = Info.plist; sourceTree = "<group>"; };
		6C43A97D2086E0EF0000183F /* NotesProtocol.swift */ = {isa = PBXFileReference; lastKnownFileType = sourcecode.swift; path = NotesProtocol.swift; sourceTree = "<group>"; };
		6C43A97F2086E2010000183F /* NoteModel.swift */ = {isa = PBXFileReference; lastKnownFileType = sourcecode.swift; path = NoteModel.swift; sourceTree = "<group>"; };
		6C43A9812086E62E0000183F /* NotesView.swift */ = {isa = PBXFileReference; lastKnownFileType = sourcecode.swift; path = NotesView.swift; sourceTree = "<group>"; };
		6C43A9832086E8880000183F /* NotesPresenter.swift */ = {isa = PBXFileReference; lastKnownFileType = sourcecode.swift; path = NotesPresenter.swift; sourceTree = "<group>"; };
		6C43A9852086E9810000183F /* NotesInteractor.swift */ = {isa = PBXFileReference; lastKnownFileType = sourcecode.swift; path = NotesInteractor.swift; sourceTree = "<group>"; };
		6C43A9872086EA150000183F /* NotesRouter.swift */ = {isa = PBXFileReference; lastKnownFileType = sourcecode.swift; path = NotesRouter.swift; sourceTree = "<group>"; };
		6C844F8F20898606007E5BD3 /* NoteDetailProtocol.swift */ = {isa = PBXFileReference; lastKnownFileType = sourcecode.swift; path = NoteDetailProtocol.swift; sourceTree = "<group>"; };
		6C844F9120898654007E5BD3 /* NoteDetailView.swift */ = {isa = PBXFileReference; lastKnownFileType = sourcecode.swift; path = NoteDetailView.swift; sourceTree = "<group>"; };
		6C844F93208989AE007E5BD3 /* NoteDetailPresenter.swift */ = {isa = PBXFileReference; lastKnownFileType = sourcecode.swift; path = NoteDetailPresenter.swift; sourceTree = "<group>"; };
		6C844F9520898C7E007E5BD3 /* NoteDetailRouter.swift */ = {isa = PBXFileReference; lastKnownFileType = sourcecode.swift; path = NoteDetailRouter.swift; sourceTree = "<group>"; };
		7E8EA0C3FD69F5936667C691 /* Pods-SimpleNote-VIPERTests.debug.xcconfig */ = {isa = PBXFileReference; includeInIndex = 1; lastKnownFileType = text.xcconfig; name = "Pods-SimpleNote-VIPERTests.debug.xcconfig"; path = "Pods/Target Support Files/Pods-SimpleNote-VIPERTests/Pods-SimpleNote-VIPERTests.debug.xcconfig"; sourceTree = "<group>"; };
		7FB9D2D17346CF4E9CFFC408 /* Pods-SimpleNote-VIPER.release.xcconfig */ = {isa = PBXFileReference; includeInIndex = 1; lastKnownFileType = text.xcconfig; name = "Pods-SimpleNote-VIPER.release.xcconfig"; path = "Pods/Target Support Files/Pods-SimpleNote-VIPER/Pods-SimpleNote-VIPER.release.xcconfig"; sourceTree = "<group>"; };
		91B0A6F59BCA5535C71293B8 /* Pods-SimpleNote-VIPERTests.release.xcconfig */ = {isa = PBXFileReference; includeInIndex = 1; lastKnownFileType = text.xcconfig; name = "Pods-SimpleNote-VIPERTests.release.xcconfig"; path = "Pods/Target Support Files/Pods-SimpleNote-VIPERTests/Pods-SimpleNote-VIPERTests.release.xcconfig"; sourceTree = "<group>"; };
		D76A8E16593DA6475AD233BE /* Pods-SimpleNote-VIPERUITests.debug.xcconfig */ = {isa = PBXFileReference; includeInIndex = 1; lastKnownFileType = text.xcconfig; name = "Pods-SimpleNote-VIPERUITests.debug.xcconfig"; path = "Pods/Target Support Files/Pods-SimpleNote-VIPERUITests/Pods-SimpleNote-VIPERUITests.debug.xcconfig"; sourceTree = "<group>"; };
		E607F31CEA102E76D6DE069D /* Pods-SimpleNote-VIPER.debug.xcconfig */ = {isa = PBXFileReference; includeInIndex = 1; lastKnownFileType = text.xcconfig; name = "Pods-SimpleNote-VIPER.debug.xcconfig"; path = "Pods/Target Support Files/Pods-SimpleNote-VIPER/Pods-SimpleNote-VIPER.debug.xcconfig"; sourceTree = "<group>"; };
/* End PBXFileReference section */

/* Begin PBXFrameworksBuildPhase section */
		6C43A9432086DFA70000183F /* Frameworks */ = {
			isa = PBXFrameworksBuildPhase;
			buildActionMask = 2147483647;
			files = (
				BD10766FFB955BEB5FA65C7E /* Pods_SimpleNote_VIPER.framework in Frameworks */,
			);
			runOnlyForDeploymentPostprocessing = 0;
		};
		6C43A9572086DFA80000183F /* Frameworks */ = {
			isa = PBXFrameworksBuildPhase;
			buildActionMask = 2147483647;
			files = (
				41F1C0059845F57CA2C49B8C /* Pods_SimpleNote_VIPERTests.framework in Frameworks */,
			);
			runOnlyForDeploymentPostprocessing = 0;
		};
		6C43A9622086DFA80000183F /* Frameworks */ = {
			isa = PBXFrameworksBuildPhase;
			buildActionMask = 2147483647;
			files = (
				689F27B01EE6A6C1E172B6D3 /* Pods_SimpleNote_VIPERUITests.framework in Frameworks */,
			);
			runOnlyForDeploymentPostprocessing = 0;
		};
/* End PBXFrameworksBuildPhase section */

/* Begin PBXGroup section */
		05816416B804974C7248E093 /* Pods */ = {
			isa = PBXGroup;
			children = (
				E607F31CEA102E76D6DE069D /* Pods-SimpleNote-VIPER.debug.xcconfig */,
				7FB9D2D17346CF4E9CFFC408 /* Pods-SimpleNote-VIPER.release.xcconfig */,
				7E8EA0C3FD69F5936667C691 /* Pods-SimpleNote-VIPERTests.debug.xcconfig */,
				91B0A6F59BCA5535C71293B8 /* Pods-SimpleNote-VIPERTests.release.xcconfig */,
				D76A8E16593DA6475AD233BE /* Pods-SimpleNote-VIPERUITests.debug.xcconfig */,
				66C6E26F3DF3C2AD879F2A6C /* Pods-SimpleNote-VIPERUITests.release.xcconfig */,
			);
			name = Pods;
			sourceTree = "<group>";
		};
		6C43A93D2086DFA70000183F = {
			isa = PBXGroup;
			children = (
				6C43A9482086DFA70000183F /* SimpleNote-VIPER */,
				6C43A95D2086DFA80000183F /* SimpleNote-VIPERTests */,
				6C43A9682086DFA80000183F /* SimpleNote-VIPERUITests */,
				6C43A9472086DFA70000183F /* Products */,
				05816416B804974C7248E093 /* Pods */,
				CB4B00B5C3AAC1723F37FCF1 /* Frameworks */,
			);
			sourceTree = "<group>";
		};
		6C43A9472086DFA70000183F /* Products */ = {
			isa = PBXGroup;
			children = (
				6C43A9462086DFA70000183F /* SimpleNote-VIPER.app */,
				6C43A95A2086DFA80000183F /* SimpleNote-VIPERTests.xctest */,
				6C43A9652086DFA80000183F /* SimpleNote-VIPERUITests.xctest */,
			);
			name = Products;
			sourceTree = "<group>";
		};
		6C43A9482086DFA70000183F /* SimpleNote-VIPER */ = {
			isa = PBXGroup;
			children = (
				6C844F8A208985A3007E5BD3 /* NoteDetail */,
				6C43A9772086E0970000183F /* Notes */,
				6C43A9492086DFA70000183F /* AppDelegate.swift */,
				6C43A94D2086DFA70000183F /* Main.storyboard */,
				6C43A9502086DFA80000183F /* Assets.xcassets */,
				6C43A9522086DFA80000183F /* LaunchScreen.storyboard */,
				6C43A9552086DFA80000183F /* Info.plist */,
			);
			path = "SimpleNote-VIPER";
			sourceTree = "<group>";
		};
		6C43A95D2086DFA80000183F /* SimpleNote-VIPERTests */ = {
			isa = PBXGroup;
			children = (
				6C43A95E2086DFA80000183F /* SimpleNote_VIPERTests.swift */,
				6C43A9602086DFA80000183F /* Info.plist */,
			);
			path = "SimpleNote-VIPERTests";
			sourceTree = "<group>";
		};
		6C43A9682086DFA80000183F /* SimpleNote-VIPERUITests */ = {
			isa = PBXGroup;
			children = (
				6C43A9692086DFA80000183F /* SimpleNote_VIPERUITests.swift */,
				6C43A96B2086DFA80000183F /* Info.plist */,
			);
			path = "SimpleNote-VIPERUITests";
			sourceTree = "<group>";
		};
		6C43A9772086E0970000183F /* Notes */ = {
			isa = PBXGroup;
			children = (
				6C43A97C2086E0D80000183F /* Entity */,
				6C43A97B2086E0D00000183F /* Router */,
				6C43A97A2086E0C00000183F /* Interactor */,
				6C43A9792086E0B70000183F /* Presenter */,
				6C43A9782086E0A90000183F /* View */,
				6C43A97D2086E0EF0000183F /* NotesProtocol.swift */,
			);
			path = Notes;
			sourceTree = "<group>";
		};
		6C43A9782086E0A90000183F /* View */ = {
			isa = PBXGroup;
			children = (
				6C43A9812086E62E0000183F /* NotesView.swift */,
			);
			path = View;
			sourceTree = "<group>";
		};
		6C43A9792086E0B70000183F /* Presenter */ = {
			isa = PBXGroup;
			children = (
				6C43A9832086E8880000183F /* NotesPresenter.swift */,
			);
			path = Presenter;
			sourceTree = "<group>";
		};
		6C43A97A2086E0C00000183F /* Interactor */ = {
			isa = PBXGroup;
			children = (
				6C43A9852086E9810000183F /* NotesInteractor.swift */,
			);
			path = Interactor;
			sourceTree = "<group>";
		};
		6C43A97B2086E0D00000183F /* Router */ = {
			isa = PBXGroup;
			children = (
				6C43A9872086EA150000183F /* NotesRouter.swift */,
			);
			path = Router;
			sourceTree = "<group>";
		};
		6C43A97C2086E0D80000183F /* Entity */ = {
			isa = PBXGroup;
			children = (
				6C43A97F2086E2010000183F /* NoteModel.swift */,
			);
			path = Entity;
			sourceTree = "<group>";
		};
		6C844F8A208985A3007E5BD3 /* NoteDetail */ = {
			isa = PBXGroup;
			children = (
				6C844F8E208985EC007E5BD3 /* Router */,
				6C844F8C208985DA007E5BD3 /* Presenter */,
				6C844F8B208985CF007E5BD3 /* View */,
				6C844F8F20898606007E5BD3 /* NoteDetailProtocol.swift */,
			);
			path = NoteDetail;
			sourceTree = "<group>";
		};
		6C844F8B208985CF007E5BD3 /* View */ = {
			isa = PBXGroup;
			children = (
				6C844F9120898654007E5BD3 /* NoteDetailView.swift */,
			);
			path = View;
			sourceTree = "<group>";
		};
		6C844F8C208985DA007E5BD3 /* Presenter */ = {
			isa = PBXGroup;
			children = (
				6C844F93208989AE007E5BD3 /* NoteDetailPresenter.swift */,
			);
			path = Presenter;
			sourceTree = "<group>";
		};
		6C844F8E208985EC007E5BD3 /* Router */ = {
			isa = PBXGroup;
			children = (
				6C844F9520898C7E007E5BD3 /* NoteDetailRouter.swift */,
			);
			path = Router;
			sourceTree = "<group>";
		};
		CB4B00B5C3AAC1723F37FCF1 /* Frameworks */ = {
			isa = PBXGroup;
			children = (
				6BEF9806A060FE7C9E57EA09 /* Pods_SimpleNote_VIPER.framework */,
				0745DEDCCA87BC2DF2A62B7F /* Pods_SimpleNote_VIPERTests.framework */,
				080C87998A6C80E8261FAB46 /* Pods_SimpleNote_VIPERUITests.framework */,
			);
			name = Frameworks;
			sourceTree = "<group>";
		};
/* End PBXGroup section */

/* Begin PBXNativeTarget section */
		6C43A9452086DFA70000183F /* SimpleNote-VIPER */ = {
			isa = PBXNativeTarget;
			buildConfigurationList = 6C43A96E2086DFA80000183F /* Build configuration list for PBXNativeTarget "SimpleNote-VIPER" */;
			buildPhases = (
				1C7CCF96F5E9989D1BEBE61E /* [CP] Check Pods Manifest.lock */,
				6C43A9422086DFA70000183F /* Sources */,
				6C43A9432086DFA70000183F /* Frameworks */,
				6C43A9442086DFA70000183F /* Resources */,
				5FD0D131BDED32BF8F4D915E /* [CP] Embed Pods Frameworks */,
				77EC1BA3BC4C9DD552225957 /* [CP] Copy Pods Resources */,
			);
			buildRules = (
			);
			dependencies = (
			);
			name = "SimpleNote-VIPER";
			productName = "SimpleNote-VIPER";
			productReference = 6C43A9462086DFA70000183F /* SimpleNote-VIPER.app */;
			productType = "com.apple.product-type.application";
		};
		6C43A9592086DFA80000183F /* SimpleNote-VIPERTests */ = {
			isa = PBXNativeTarget;
			buildConfigurationList = 6C43A9712086DFA80000183F /* Build configuration list for PBXNativeTarget "SimpleNote-VIPERTests" */;
			buildPhases = (
				614A0A1EFB9CF9F39C895FE9 /* [CP] Check Pods Manifest.lock */,
				6C43A9562086DFA80000183F /* Sources */,
				6C43A9572086DFA80000183F /* Frameworks */,
				6C43A9582086DFA80000183F /* Resources */,
				4A78314DDACC18EE418862E3 /* [CP] Embed Pods Frameworks */,
				104BC3D57502EA51D95A045F /* [CP] Copy Pods Resources */,
			);
			buildRules = (
			);
			dependencies = (
				6C43A95C2086DFA80000183F /* PBXTargetDependency */,
			);
			name = "SimpleNote-VIPERTests";
			productName = "SimpleNote-VIPERTests";
			productReference = 6C43A95A2086DFA80000183F /* SimpleNote-VIPERTests.xctest */;
			productType = "com.apple.product-type.bundle.unit-test";
		};
		6C43A9642086DFA80000183F /* SimpleNote-VIPERUITests */ = {
			isa = PBXNativeTarget;
			buildConfigurationList = 6C43A9742086DFA80000183F /* Build configuration list for PBXNativeTarget "SimpleNote-VIPERUITests" */;
			buildPhases = (
				E287AC48C515B928662A3542 /* [CP] Check Pods Manifest.lock */,
				6C43A9612086DFA80000183F /* Sources */,
				6C43A9622086DFA80000183F /* Frameworks */,
				6C43A9632086DFA80000183F /* Resources */,
				1049B6ECF6A21AFBD89BBBD6 /* [CP] Embed Pods Frameworks */,
				20A6A4668EED8744248435A2 /* [CP] Copy Pods Resources */,
			);
			buildRules = (
			);
			dependencies = (
				6C43A9672086DFA80000183F /* PBXTargetDependency */,
			);
			name = "SimpleNote-VIPERUITests";
			productName = "SimpleNote-VIPERUITests";
			productReference = 6C43A9652086DFA80000183F /* SimpleNote-VIPERUITests.xctest */;
			productType = "com.apple.product-type.bundle.ui-testing";
		};
/* End PBXNativeTarget section */

/* Begin PBXProject section */
		6C43A93E2086DFA70000183F /* Project object */ = {
			isa = PBXProject;
			attributes = {
				LastSwiftUpdateCheck = 0930;
				LastUpgradeCheck = 0930;
				ORGANIZATIONNAME = ThanhVo;
				TargetAttributes = {
					6C43A9452086DFA70000183F = {
						CreatedOnToolsVersion = 9.3;
					};
					6C43A9592086DFA80000183F = {
						CreatedOnToolsVersion = 9.3;
						TestTargetID = 6C43A9452086DFA70000183F;
					};
					6C43A9642086DFA80000183F = {
						CreatedOnToolsVersion = 9.3;
						TestTargetID = 6C43A9452086DFA70000183F;
					};
				};
			};
			buildConfigurationList = 6C43A9412086DFA70000183F /* Build configuration list for PBXProject "SimpleNote-VIPER" */;
			compatibilityVersion = "Xcode 9.3";
			developmentRegion = en;
			hasScannedForEncodings = 0;
			knownRegions = (
				en,
				Base,
			);
			mainGroup = 6C43A93D2086DFA70000183F;
			productRefGroup = 6C43A9472086DFA70000183F /* Products */;
			projectDirPath = "";
			projectRoot = "";
			targets = (
				6C43A9452086DFA70000183F /* SimpleNote-VIPER */,
				6C43A9592086DFA80000183F /* SimpleNote-VIPERTests */,
				6C43A9642086DFA80000183F /* SimpleNote-VIPERUITests */,
			);
		};
/* End PBXProject section */

/* Begin PBXResourcesBuildPhase section */
		6C43A9442086DFA70000183F /* Resources */ = {
			isa = PBXResourcesBuildPhase;
			buildActionMask = 2147483647;
			files = (
				6C43A9542086DFA80000183F /* LaunchScreen.storyboard in Resources */,
				6C43A9512086DFA80000183F /* Assets.xcassets in Resources */,
				6C43A94F2086DFA70000183F /* Main.storyboard in Resources */,
			);
			runOnlyForDeploymentPostprocessing = 0;
		};
		6C43A9582086DFA80000183F /* Resources */ = {
			isa = PBXResourcesBuildPhase;
			buildActionMask = 2147483647;
			files = (
			);
			runOnlyForDeploymentPostprocessing = 0;
		};
		6C43A9632086DFA80000183F /* Resources */ = {
			isa = PBXResourcesBuildPhase;
			buildActionMask = 2147483647;
			files = (
			);
			runOnlyForDeploymentPostprocessing = 0;
		};
/* End PBXResourcesBuildPhase section */

/* Begin PBXShellScriptBuildPhase section */
		1049B6ECF6A21AFBD89BBBD6 /* [CP] Embed Pods Frameworks */ = {
			isa = PBXShellScriptBuildPhase;
			buildActionMask = 2147483647;
			files = (
			);
			inputPaths = (
			);
			name = "[CP] Embed Pods Frameworks";
			outputPaths = (
			);
			runOnlyForDeploymentPostprocessing = 0;
			shellPath = /bin/sh;
			shellScript = "\"${SRCROOT}/Pods/Target Support Files/Pods-SimpleNote-VIPERUITests/Pods-SimpleNote-VIPERUITests-frameworks.sh\"\n";
			showEnvVarsInLog = 0;
		};
		104BC3D57502EA51D95A045F /* [CP] Copy Pods Resources */ = {
			isa = PBXShellScriptBuildPhase;
			buildActionMask = 2147483647;
			files = (
			);
			inputPaths = (
			);
			name = "[CP] Copy Pods Resources";
			outputPaths = (
			);
			runOnlyForDeploymentPostprocessing = 0;
			shellPath = /bin/sh;
			shellScript = "\"${SRCROOT}/Pods/Target Support Files/Pods-SimpleNote-VIPERTests/Pods-SimpleNote-VIPERTests-resources.sh\"\n";
			showEnvVarsInLog = 0;
		};
		1C7CCF96F5E9989D1BEBE61E /* [CP] Check Pods Manifest.lock */ = {
			isa = PBXShellScriptBuildPhase;
			buildActionMask = 2147483647;
			files = (
			);
			inputPaths = (
				"${PODS_PODFILE_DIR_PATH}/Podfile.lock",
				"${PODS_ROOT}/Manifest.lock",
			);
			name = "[CP] Check Pods Manifest.lock";
			outputPaths = (
				"$(DERIVED_FILE_DIR)/Pods-SimpleNote-VIPER-checkManifestLockResult.txt",
			);
			runOnlyForDeploymentPostprocessing = 0;
			shellPath = /bin/sh;
			shellScript = "diff \"${PODS_PODFILE_DIR_PATH}/Podfile.lock\" \"${PODS_ROOT}/Manifest.lock\" > /dev/null\nif [ $? != 0 ] ; then\n    # print error to STDERR\n    echo \"error: The sandbox is not in sync with the Podfile.lock. Run 'pod install' or update your CocoaPods installation.\" >&2\n    exit 1\nfi\n# This output is used by Xcode 'outputs' to avoid re-running this script phase.\necho \"SUCCESS\" > \"${SCRIPT_OUTPUT_FILE_0}\"\n";
			showEnvVarsInLog = 0;
		};
		20A6A4668EED8744248435A2 /* [CP] Copy Pods Resources */ = {
			isa = PBXShellScriptBuildPhase;
			buildActionMask = 2147483647;
			files = (
			);
			inputPaths = (
			);
			name = "[CP] Copy Pods Resources";
			outputPaths = (
			);
			runOnlyForDeploymentPostprocessing = 0;
			shellPath = /bin/sh;
			shellScript = "\"${SRCROOT}/Pods/Target Support Files/Pods-SimpleNote-VIPERUITests/Pods-SimpleNote-VIPERUITests-resources.sh\"\n";
			showEnvVarsInLog = 0;
		};
		4A78314DDACC18EE418862E3 /* [CP] Embed Pods Frameworks */ = {
			isa = PBXShellScriptBuildPhase;
			buildActionMask = 2147483647;
			files = (
			);
			inputPaths = (
			);
			name = "[CP] Embed Pods Frameworks";
			outputPaths = (
			);
			runOnlyForDeploymentPostprocessing = 0;
			shellPath = /bin/sh;
			shellScript = "\"${SRCROOT}/Pods/Target Support Files/Pods-SimpleNote-VIPERTests/Pods-SimpleNote-VIPERTests-frameworks.sh\"\n";
			showEnvVarsInLog = 0;
		};
		5FD0D131BDED32BF8F4D915E /* [CP] Embed Pods Frameworks */ = {
			isa = PBXShellScriptBuildPhase;
			buildActionMask = 2147483647;
			files = (
			);
			inputPaths = (
				"${SRCROOT}/Pods/Target Support Files/Pods-SimpleNote-VIPER/Pods-SimpleNote-VIPER-frameworks.sh",
				"${BUILT_PRODUCTS_DIR}/RxSwift/RxSwift.framework",
			);
			name = "[CP] Embed Pods Frameworks";
			outputPaths = (
				"${TARGET_BUILD_DIR}/${FRAMEWORKS_FOLDER_PATH}/RxSwift.framework",
			);
			runOnlyForDeploymentPostprocessing = 0;
			shellPath = /bin/sh;
			shellScript = "\"${SRCROOT}/Pods/Target Support Files/Pods-SimpleNote-VIPER/Pods-SimpleNote-VIPER-frameworks.sh\"\n";
			showEnvVarsInLog = 0;
		};
		614A0A1EFB9CF9F39C895FE9 /* [CP] Check Pods Manifest.lock */ = {
			isa = PBXShellScriptBuildPhase;
			buildActionMask = 2147483647;
			files = (
			);
			inputPaths = (
				"${PODS_PODFILE_DIR_PATH}/Podfile.lock",
				"${PODS_ROOT}/Manifest.lock",
			);
			name = "[CP] Check Pods Manifest.lock";
			outputPaths = (
				"$(DERIVED_FILE_DIR)/Pods-SimpleNote-VIPERTests-checkManifestLockResult.txt",
			);
			runOnlyForDeploymentPostprocessing = 0;
			shellPath = /bin/sh;
			shellScript = "diff \"${PODS_PODFILE_DIR_PATH}/Podfile.lock\" \"${PODS_ROOT}/Manifest.lock\" > /dev/null\nif [ $? != 0 ] ; then\n    # print error to STDERR\n    echo \"error: The sandbox is not in sync with the Podfile.lock. Run 'pod install' or update your CocoaPods installation.\" >&2\n    exit 1\nfi\n# This output is used by Xcode 'outputs' to avoid re-running this script phase.\necho \"SUCCESS\" > \"${SCRIPT_OUTPUT_FILE_0}\"\n";
			showEnvVarsInLog = 0;
		};
		77EC1BA3BC4C9DD552225957 /* [CP] Copy Pods Resources */ = {
			isa = PBXShellScriptBuildPhase;
			buildActionMask = 2147483647;
			files = (
			);
			inputPaths = (
			);
			name = "[CP] Copy Pods Resources";
			outputPaths = (
			);
			runOnlyForDeploymentPostprocessing = 0;
			shellPath = /bin/sh;
			shellScript = "\"${SRCROOT}/Pods/Target Support Files/Pods-SimpleNote-VIPER/Pods-SimpleNote-VIPER-resources.sh\"\n";
			showEnvVarsInLog = 0;
		};
		E287AC48C515B928662A3542 /* [CP] Check Pods Manifest.lock */ = {
			isa = PBXShellScriptBuildPhase;
			buildActionMask = 2147483647;
			files = (
			);
			inputPaths = (
				"${PODS_PODFILE_DIR_PATH}/Podfile.lock",
				"${PODS_ROOT}/Manifest.lock",
			);
			name = "[CP] Check Pods Manifest.lock";
			outputPaths = (
				"$(DERIVED_FILE_DIR)/Pods-SimpleNote-VIPERUITests-checkManifestLockResult.txt",
			);
			runOnlyForDeploymentPostprocessing = 0;
			shellPath = /bin/sh;
			shellScript = "diff \"${PODS_PODFILE_DIR_PATH}/Podfile.lock\" \"${PODS_ROOT}/Manifest.lock\" > /dev/null\nif [ $? != 0 ] ; then\n    # print error to STDERR\n    echo \"error: The sandbox is not in sync with the Podfile.lock. Run 'pod install' or update your CocoaPods installation.\" >&2\n    exit 1\nfi\n# This output is used by Xcode 'outputs' to avoid re-running this script phase.\necho \"SUCCESS\" > \"${SCRIPT_OUTPUT_FILE_0}\"\n";
			showEnvVarsInLog = 0;
		};
/* End PBXShellScriptBuildPhase section */

/* Begin PBXSourcesBuildPhase section */
		6C43A9422086DFA70000183F /* Sources */ = {
			isa = PBXSourcesBuildPhase;
			buildActionMask = 2147483647;
			files = (
				6C844F9220898654007E5BD3 /* NoteDetailView.swift in Sources */,
				6C43A94A2086DFA70000183F /* AppDelegate.swift in Sources */,
				6C43A9802086E2010000183F /* NoteModel.swift in Sources */,
				6C43A9882086EA150000183F /* NotesRouter.swift in Sources */,
				6C43A9862086E9810000183F /* NotesInteractor.swift in Sources */,
				6C844F94208989AE007E5BD3 /* NoteDetailPresenter.swift in Sources */,
				6C43A9842086E8880000183F /* NotesPresenter.swift in Sources */,
				6C43A9822086E62E0000183F /* NotesView.swift in Sources */,
				6C844F9620898C7E007E5BD3 /* NoteDetailRouter.swift in Sources */,
				6C844F9020898606007E5BD3 /* NoteDetailProtocol.swift in Sources */,
				6C43A97E2086E0EF0000183F /* NotesProtocol.swift in Sources */,
			);
			runOnlyForDeploymentPostprocessing = 0;
		};
		6C43A9562086DFA80000183F /* Sources */ = {
			isa = PBXSourcesBuildPhase;
			buildActionMask = 2147483647;
			files = (
				6C43A95F2086DFA80000183F /* SimpleNote_VIPERTests.swift in Sources */,
			);
			runOnlyForDeploymentPostprocessing = 0;
		};
		6C43A9612086DFA80000183F /* Sources */ = {
			isa = PBXSourcesBuildPhase;
			buildActionMask = 2147483647;
			files = (
				6C43A96A2086DFA80000183F /* SimpleNote_VIPERUITests.swift in Sources */,
			);
			runOnlyForDeploymentPostprocessing = 0;
		};
/* End PBXSourcesBuildPhase section */

/* Begin PBXTargetDependency section */
		6C43A95C2086DFA80000183F /* PBXTargetDependency */ = {
			isa = PBXTargetDependency;
			target = 6C43A9452086DFA70000183F /* SimpleNote-VIPER */;
			targetProxy = 6C43A95B2086DFA80000183F /* PBXContainerItemProxy */;
		};
		6C43A9672086DFA80000183F /* PBXTargetDependency */ = {
			isa = PBXTargetDependency;
			target = 6C43A9452086DFA70000183F /* SimpleNote-VIPER */;
			targetProxy = 6C43A9662086DFA80000183F /* PBXContainerItemProxy */;
		};
/* End PBXTargetDependency section */

/* Begin PBXVariantGroup section */
		6C43A94D2086DFA70000183F /* Main.storyboard */ = {
			isa = PBXVariantGroup;
			children = (
				6C43A94E2086DFA70000183F /* Base */,
			);
			name = Main.storyboard;
			sourceTree = "<group>";
		};
		6C43A9522086DFA80000183F /* LaunchScreen.storyboard */ = {
			isa = PBXVariantGroup;
			children = (
				6C43A9532086DFA80000183F /* Base */,
			);
			name = LaunchScreen.storyboard;
			sourceTree = "<group>";
		};
/* End PBXVariantGroup section */

/* Begin XCBuildConfiguration section */
		6C43A96C2086DFA80000183F /* Debug */ = {
			isa = XCBuildConfiguration;
			buildSettings = {
				ALWAYS_SEARCH_USER_PATHS = NO;
				CLANG_ANALYZER_NONNULL = YES;
				CLANG_ANALYZER_NUMBER_OBJECT_CONVERSION = YES_AGGRESSIVE;
				CLANG_CXX_LANGUAGE_STANDARD = "gnu++14";
				CLANG_CXX_LIBRARY = "libc++";
				CLANG_ENABLE_MODULES = YES;
				CLANG_ENABLE_OBJC_ARC = YES;
				CLANG_ENABLE_OBJC_WEAK = YES;
				CLANG_WARN_BLOCK_CAPTURE_AUTORELEASING = YES;
				CLANG_WARN_BOOL_CONVERSION = YES;
				CLANG_WARN_COMMA = YES;
				CLANG_WARN_CONSTANT_CONVERSION = YES;
				CLANG_WARN_DEPRECATED_OBJC_IMPLEMENTATIONS = YES;
				CLANG_WARN_DIRECT_OBJC_ISA_USAGE = YES_ERROR;
				CLANG_WARN_DOCUMENTATION_COMMENTS = YES;
				CLANG_WARN_EMPTY_BODY = YES;
				CLANG_WARN_ENUM_CONVERSION = YES;
				CLANG_WARN_INFINITE_RECURSION = YES;
				CLANG_WARN_INT_CONVERSION = YES;
				CLANG_WARN_NON_LITERAL_NULL_CONVERSION = YES;
				CLANG_WARN_OBJC_IMPLICIT_RETAIN_SELF = YES;
				CLANG_WARN_OBJC_LITERAL_CONVERSION = YES;
				CLANG_WARN_OBJC_ROOT_CLASS = YES_ERROR;
				CLANG_WARN_RANGE_LOOP_ANALYSIS = YES;
				CLANG_WARN_STRICT_PROTOTYPES = YES;
				CLANG_WARN_SUSPICIOUS_MOVE = YES;
				CLANG_WARN_UNGUARDED_AVAILABILITY = YES_AGGRESSIVE;
				CLANG_WARN_UNREACHABLE_CODE = YES;
				CLANG_WARN__DUPLICATE_METHOD_MATCH = YES;
				CODE_SIGN_IDENTITY = "iPhone Developer";
				COPY_PHASE_STRIP = NO;
				DEBUG_INFORMATION_FORMAT = dwarf;
				ENABLE_STRICT_OBJC_MSGSEND = YES;
				ENABLE_TESTABILITY = YES;
				GCC_C_LANGUAGE_STANDARD = gnu11;
				GCC_DYNAMIC_NO_PIC = NO;
				GCC_NO_COMMON_BLOCKS = YES;
				GCC_OPTIMIZATION_LEVEL = 0;
				GCC_PREPROCESSOR_DEFINITIONS = (
					"DEBUG=1",
					"$(inherited)",
				);
				GCC_WARN_64_TO_32_BIT_CONVERSION = YES;
				GCC_WARN_ABOUT_RETURN_TYPE = YES_ERROR;
				GCC_WARN_UNDECLARED_SELECTOR = YES;
				GCC_WARN_UNINITIALIZED_AUTOS = YES_AGGRESSIVE;
				GCC_WARN_UNUSED_FUNCTION = YES;
				GCC_WARN_UNUSED_VARIABLE = YES;
				IPHONEOS_DEPLOYMENT_TARGET = 11.3;
				MTL_ENABLE_DEBUG_INFO = YES;
				ONLY_ACTIVE_ARCH = YES;
				SDKROOT = iphoneos;
				SWIFT_ACTIVE_COMPILATION_CONDITIONS = DEBUG;
				SWIFT_OPTIMIZATION_LEVEL = "-Onone";
			};
			name = Debug;
		};
		6C43A96D2086DFA80000183F /* Release */ = {
			isa = XCBuildConfiguration;
			buildSettings = {
				ALWAYS_SEARCH_USER_PATHS = NO;
				CLANG_ANALYZER_NONNULL = YES;
				CLANG_ANALYZER_NUMBER_OBJECT_CONVERSION = YES_AGGRESSIVE;
				CLANG_CXX_LANGUAGE_STANDARD = "gnu++14";
				CLANG_CXX_LIBRARY = "libc++";
				CLANG_ENABLE_MODULES = YES;
				CLANG_ENABLE_OBJC_ARC = YES;
				CLANG_ENABLE_OBJC_WEAK = YES;
				CLANG_WARN_BLOCK_CAPTURE_AUTORELEASING = YES;
				CLANG_WARN_BOOL_CONVERSION = YES;
				CLANG_WARN_COMMA = YES;
				CLANG_WARN_CONSTANT_CONVERSION = YES;
				CLANG_WARN_DEPRECATED_OBJC_IMPLEMENTATIONS = YES;
				CLANG_WARN_DIRECT_OBJC_ISA_USAGE = YES_ERROR;
				CLANG_WARN_DOCUMENTATION_COMMENTS = YES;
				CLANG_WARN_EMPTY_BODY = YES;
				CLANG_WARN_ENUM_CONVERSION = YES;
				CLANG_WARN_INFINITE_RECURSION = YES;
				CLANG_WARN_INT_CONVERSION = YES;
				CLANG_WARN_NON_LITERAL_NULL_CONVERSION = YES;
				CLANG_WARN_OBJC_IMPLICIT_RETAIN_SELF = YES;
				CLANG_WARN_OBJC_LITERAL_CONVERSION = YES;
				CLANG_WARN_OBJC_ROOT_CLASS = YES_ERROR;
				CLANG_WARN_RANGE_LOOP_ANALYSIS = YES;
				CLANG_WARN_STRICT_PROTOTYPES = YES;
				CLANG_WARN_SUSPICIOUS_MOVE = YES;
				CLANG_WARN_UNGUARDED_AVAILABILITY = YES_AGGRESSIVE;
				CLANG_WARN_UNREACHABLE_CODE = YES;
				CLANG_WARN__DUPLICATE_METHOD_MATCH = YES;
				CODE_SIGN_IDENTITY = "iPhone Developer";
				COPY_PHASE_STRIP = NO;
				DEBUG_INFORMATION_FORMAT = "dwarf-with-dsym";
				ENABLE_NS_ASSERTIONS = NO;
				ENABLE_STRICT_OBJC_MSGSEND = YES;
				GCC_C_LANGUAGE_STANDARD = gnu11;
				GCC_NO_COMMON_BLOCKS = YES;
				GCC_WARN_64_TO_32_BIT_CONVERSION = YES;
				GCC_WARN_ABOUT_RETURN_TYPE = YES_ERROR;
				GCC_WARN_UNDECLARED_SELECTOR = YES;
				GCC_WARN_UNINITIALIZED_AUTOS = YES_AGGRESSIVE;
				GCC_WARN_UNUSED_FUNCTION = YES;
				GCC_WARN_UNUSED_VARIABLE = YES;
				IPHONEOS_DEPLOYMENT_TARGET = 11.3;
				MTL_ENABLE_DEBUG_INFO = NO;
				SDKROOT = iphoneos;
				SWIFT_COMPILATION_MODE = wholemodule;
				SWIFT_OPTIMIZATION_LEVEL = "-O";
				VALIDATE_PRODUCT = YES;
			};
			name = Release;
		};
		6C43A96F2086DFA80000183F /* Debug */ = {
			isa = XCBuildConfiguration;
			baseConfigurationReference = E607F31CEA102E76D6DE069D /* Pods-SimpleNote-VIPER.debug.xcconfig */;
			buildSettings = {
				ASSETCATALOG_COMPILER_APPICON_NAME = AppIcon;
				CODE_SIGN_STYLE = Automatic;
				INFOPLIST_FILE = "SimpleNote-VIPER/Info.plist";
				LD_RUNPATH_SEARCH_PATHS = "$(inherited) @executable_path/Frameworks";
				PRODUCT_BUNDLE_IDENTIFIER = "vng.SimpleNote-VIPER";
				PRODUCT_NAME = "$(TARGET_NAME)";
				SWIFT_VERSION = 4.0;
				TARGETED_DEVICE_FAMILY = "1,2";
			};
			name = Debug;
		};
		6C43A9702086DFA80000183F /* Release */ = {
			isa = XCBuildConfiguration;
			baseConfigurationReference = 7FB9D2D17346CF4E9CFFC408 /* Pods-SimpleNote-VIPER.release.xcconfig */;
			buildSettings = {
				ASSETCATALOG_COMPILER_APPICON_NAME = AppIcon;
				CODE_SIGN_STYLE = Automatic;
				INFOPLIST_FILE = "SimpleNote-VIPER/Info.plist";
				LD_RUNPATH_SEARCH_PATHS = "$(inherited) @executable_path/Frameworks";
				PRODUCT_BUNDLE_IDENTIFIER = "vng.SimpleNote-VIPER";
				PRODUCT_NAME = "$(TARGET_NAME)";
				SWIFT_VERSION = 4.0;
				TARGETED_DEVICE_FAMILY = "1,2";
			};
			name = Release;
		};
		6C43A9722086DFA80000183F /* Debug */ = {
			isa = XCBuildConfiguration;
			baseConfigurationReference = 7E8EA0C3FD69F5936667C691 /* Pods-SimpleNote-VIPERTests.debug.xcconfig */;
			buildSettings = {
				ALWAYS_EMBED_SWIFT_STANDARD_LIBRARIES = YES;
				BUNDLE_LOADER = "$(TEST_HOST)";
				CODE_SIGN_STYLE = Automatic;
				INFOPLIST_FILE = "SimpleNote-VIPERTests/Info.plist";
				LD_RUNPATH_SEARCH_PATHS = "$(inherited) @executable_path/Frameworks @loader_path/Frameworks";
				PRODUCT_BUNDLE_IDENTIFIER = "vng.SimpleNote-VIPERTests";
				PRODUCT_NAME = "$(TARGET_NAME)";
				SWIFT_VERSION = 4.0;
				TARGETED_DEVICE_FAMILY = "1,2";
				TEST_HOST = "$(BUILT_PRODUCTS_DIR)/SimpleNote-VIPER.app/SimpleNote-VIPER";
			};
			name = Debug;
		};
		6C43A9732086DFA80000183F /* Release */ = {
			isa = XCBuildConfiguration;
			baseConfigurationReference = 91B0A6F59BCA5535C71293B8 /* Pods-SimpleNote-VIPERTests.release.xcconfig */;
			buildSettings = {
				ALWAYS_EMBED_SWIFT_STANDARD_LIBRARIES = YES;
				BUNDLE_LOADER = "$(TEST_HOST)";
				CODE_SIGN_STYLE = Automatic;
				INFOPLIST_FILE = "SimpleNote-VIPERTests/Info.plist";
				LD_RUNPATH_SEARCH_PATHS = "$(inherited) @executable_path/Frameworks @loader_path/Frameworks";
				PRODUCT_BUNDLE_IDENTIFIER = "vng.SimpleNote-VIPERTests";
				PRODUCT_NAME = "$(TARGET_NAME)";
				SWIFT_VERSION = 4.0;
				TARGETED_DEVICE_FAMILY = "1,2";
				TEST_HOST = "$(BUILT_PRODUCTS_DIR)/SimpleNote-VIPER.app/SimpleNote-VIPER";
			};
			name = Release;
		};
		6C43A9752086DFA80000183F /* Debug */ = {
			isa = XCBuildConfiguration;
			baseConfigurationReference = D76A8E16593DA6475AD233BE /* Pods-SimpleNote-VIPERUITests.debug.xcconfig */;
			buildSettings = {
				ALWAYS_EMBED_SWIFT_STANDARD_LIBRARIES = YES;
				CODE_SIGN_STYLE = Automatic;
				INFOPLIST_FILE = "SimpleNote-VIPERUITests/Info.plist";
				LD_RUNPATH_SEARCH_PATHS = "$(inherited) @executable_path/Frameworks @loader_path/Frameworks";
				PRODUCT_BUNDLE_IDENTIFIER = "vng.SimpleNote-VIPERUITests";
				PRODUCT_NAME = "$(TARGET_NAME)";
				SWIFT_VERSION = 4.0;
				TARGETED_DEVICE_FAMILY = "1,2";
				TEST_TARGET_NAME = "SimpleNote-VIPER";
			};
			name = Debug;
		};
		6C43A9762086DFA80000183F /* Release */ = {
			isa = XCBuildConfiguration;
			baseConfigurationReference = 66C6E26F3DF3C2AD879F2A6C /* Pods-SimpleNote-VIPERUITests.release.xcconfig */;
			buildSettings = {
				ALWAYS_EMBED_SWIFT_STANDARD_LIBRARIES = YES;
				CODE_SIGN_STYLE = Automatic;
				INFOPLIST_FILE = "SimpleNote-VIPERUITests/Info.plist";
				LD_RUNPATH_SEARCH_PATHS = "$(inherited) @executable_path/Frameworks @loader_path/Frameworks";
				PRODUCT_BUNDLE_IDENTIFIER = "vng.SimpleNote-VIPERUITests";
				PRODUCT_NAME = "$(TARGET_NAME)";
				SWIFT_VERSION = 4.0;
				TARGETED_DEVICE_FAMILY = "1,2";
				TEST_TARGET_NAME = "SimpleNote-VIPER";
			};
			name = Release;
		};
/* End XCBuildConfiguration section */

/* Begin XCConfigurationList section */
		6C43A9412086DFA70000183F /* Build configuration list for PBXProject "SimpleNote-VIPER" */ = {
			isa = XCConfigurationList;
			buildConfigurations = (
				6C43A96C2086DFA80000183F /* Debug */,
				6C43A96D2086DFA80000183F /* Release */,
			);
			defaultConfigurationIsVisible = 0;
			defaultConfigurationName = Release;
		};
		6C43A96E2086DFA80000183F /* Build configuration list for PBXNativeTarget "SimpleNote-VIPER" */ = {
			isa = XCConfigurationList;
			buildConfigurations = (
				6C43A96F2086DFA80000183F /* Debug */,
				6C43A9702086DFA80000183F /* Release */,
			);
			defaultConfigurationIsVisible = 0;
			defaultConfigurationName = Release;
		};
		6C43A9712086DFA80000183F /* Build configuration list for PBXNativeTarget "SimpleNote-VIPERTests" */ = {
			isa = XCConfigurationList;
			buildConfigurations = (
				6C43A9722086DFA80000183F /* Debug */,
				6C43A9732086DFA80000183F /* Release */,
			);
			defaultConfigurationIsVisible = 0;
			defaultConfigurationName = Release;
		};
		6C43A9742086DFA80000183F /* Build configuration list for PBXNativeTarget "SimpleNote-VIPERUITests" */ = {
			isa = XCConfigurationList;
			buildConfigurations = (
				6C43A9752086DFA80000183F /* Debug */,
				6C43A9762086DFA80000183F /* Release */,
			);
			defaultConfigurationIsVisible = 0;
			defaultConfigurationName = Release;
		};
/* End XCConfigurationList section */
	};
	rootObject = 6C43A93E2086DFA70000183F /* Project object */;
}
